PODS:
  - iOSSnapshotTestCase (5.0.2):
    - iOSSnapshotTestCase/SwiftSupport (= 5.0.2)
  - iOSSnapshotTestCase/Core (5.0.2)
  - iOSSnapshotTestCase/SwiftSupport (5.0.2):
    - iOSSnapshotTestCase/Core
  - KIF (3.7.8):
    - KIF/Core (= 3.7.8)
  - KIF/Core (3.7.8)
  - Nimble (7.0.3)
  - Nimble-Snapshots (6.9.1):
    - Nimble-Snapshots/Core (= 6.9.1)
  - Nimble-Snapshots/Core (6.9.1):
    - iOSSnapshotTestCase (~> 5.0)
    - Nimble (~> 7.0)
  - Quick (2.1.0)

DEPENDENCIES:
  - KIF
  - Nimble (~> 7.0.2)
  - Nimble-Snapshots
  - Quick

SPEC REPOS:
  https://github.com/cocoapods/specs.git:
    - iOSSnapshotTestCase
    - KIF
    - Nimble
    - Nimble-Snapshots
    - Quick

SPEC CHECKSUMS:
  iOSSnapshotTestCase: 2d51aa06775e95cecb0a1fb9c5c159ccd1dd4596
  KIF: 52e1af1a78cf6fe4ec6777b14776f3dd2eccc32e
  Nimble: 7f5a9c447a33002645a071bddafbfb24ea70e0ac
  Nimble-Snapshots: bbd1ab264bacc24a9ce24a8363bc05aac783aeb0
  Quick: 4be43f6634acfa727dd106bdf3929ce125ffa79d

PODFILE CHECKSUM: d3bea8af57c23c6463c8c6e8554168aead94d18d

COCOAPODS: 1.5.3
